
Microsoft Visual Studio Solution File, Format Version 12.00
# Visual Studio Version 17
VisualStudioVersion = 17.2.32630.192
MinimumVisualStudioVersion = 10.0.40219.1
Project("{9A19103F-16F7-4668-BE54-9A1E7A4F7556}") = "GenericTestDataCreator", "GenericTestDataCreator\GenericTestDataCreator.csproj", "{6C9A5BDE-7F1E-45A4-B9CA-30B2AEE730A4}"
EndProject
Project("{FAE04EC0-301F-11D3-BF4B-00C04F79EFBC}") = "TestDataGeneratorAPI", "TestDataGeneratorAPI\TestDataGeneratorAPI.csproj", "{506B041C-CD68-4A40-B2EF-A3451696DAE7}"
EndProject
Global
	GlobalSection(SolutionConfigurationPlatforms) = preSolution
		Debug|Any CPU = Debug|Any CPU
		Release|Any CPU = Release|Any CPU
	EndGlobalSection
	GlobalSection(ProjectConfigurationPlatforms) = postSolution
		{6C9A5BDE-7F1E-45A4-B9CA-30B2AEE730A4}.Debug|Any CPU.ActiveCfg = Debug|Any CPU
		{6C9A5BDE-7F1E-45A4-B9CA-30B2AEE730A4}.Debug|Any CPU.Build.0 = Debug|Any CPU
		{6C9A5BDE-7F1E-45A4-B9CA-30B2AEE730A4}.Release|Any CPU.ActiveCfg = Release|Any CPU
		{6C9A5BDE-7F1E-45A4-B9CA-30B2AEE730A4}.Release|Any CPU.Build.0 = Release|Any CPU
		{506B041C-CD68-4A40-B2EF-A3451696DAE7}.Debug|Any CPU.ActiveCfg = Debug|Any CPU
		{506B041C-CD68-4A40-B2EF-A3451696DAE7}.Debug|Any CPU.Build.0 = Debug|Any CPU
		{506B041C-CD68-4A40-B2EF-A3451696DAE7}.Release|Any CPU.ActiveCfg = Release|Any CPU
		{506B041C-CD68-4A40-B2EF-A3451696DAE7}.Release|Any CPU.Build.0 = Release|Any CPU
	EndGlobalSection
	GlobalSection(SolutionProperties) = preSolution
		HideSolutionNode = FALSE
	EndGlobalSection
	GlobalSection(ExtensibilityGlobals) = postSolution
		SolutionGuid = {AE6A173C-9CE4-4FFF-BD0E-CA92A07B1981}
	EndGlobalSection
EndGlobal
